
Microsoft Visual Studio Solution File, Format Version 12.00
# Visual Studio Version 17
VisualStudioVersion = 17.3.32922.545
MinimumVisualStudioVersion = 10.0.40219.1
Project("{9A19103F-16F7-4668-BE54-9A1E7A4F7556}") = "DAL", "DAL.csproj", "{926B3F33-2C06-40C8-AF57-316FB9357F80}"
EndProject
Project("{9A19103F-16F7-4668-BE54-9A1E7A4F7556}") = "DAL.Tests", "..\DAL.Tests\DAL.Tests.csproj", "{C78A97E2-1ACF-4BFE-A275-1D02E74FA46F}"
EndProject
Project("{FAE04EC0-301F-11D3-BF4B-00C04F79EFBC}") = "BLL", "..\BLL\BLL.csproj", "{19AD8D4F-9398-468A-B6AC-5854227AEAD5}"
EndProject
Project("{FAE04EC0-301F-11D3-BF4B-00C04F79EFBC}") = "CLL", "..\CLL\CLL.csproj", "{AD112F66-2CF6-4E48-A6C7-25819E5F07C3}"
EndProject
Project("{FAE04EC0-301F-11D3-BF4B-00C04F79EFBC}") = "BLL.Tests", "..\BLL.Tests\BLL.Tests.csproj", "{D4F6ED4F-7F05-422E-8D86-989C35E91DA5}"
EndProject
Global
	GlobalSection(SolutionConfigurationPlatforms) = preSolution
		Debug|Any CPU = Debug|Any CPU
		Release|Any CPU = Release|Any CPU
	EndGlobalSection
	GlobalSection(ProjectConfigurationPlatforms) = postSolution
		{926B3F33-2C06-40C8-AF57-316FB9357F80}.Debug|Any CPU.ActiveCfg = Debug|Any CPU
		{926B3F33-2C06-40C8-AF57-316FB9357F80}.Debug|Any CPU.Build.0 = Debug|Any CPU
		{926B3F33-2C06-40C8-AF57-316FB9357F80}.Release|Any CPU.ActiveCfg = Release|Any CPU
		{926B3F33-2C06-40C8-AF57-316FB9357F80}.Release|Any CPU.Build.0 = Release|Any CPU
		{C78A97E2-1ACF-4BFE-A275-1D02E74FA46F}.Debug|Any CPU.ActiveCfg = Debug|Any CPU
		{C78A97E2-1ACF-4BFE-A275-1D02E74FA46F}.Debug|Any CPU.Build.0 = Debug|Any CPU
		{C78A97E2-1ACF-4BFE-A275-1D02E74FA46F}.Release|Any CPU.ActiveCfg = Release|Any CPU
		{C78A97E2-1ACF-4BFE-A275-1D02E74FA46F}.Release|Any CPU.Build.0 = Release|Any CPU
		{19AD8D4F-9398-468A-B6AC-5854227AEAD5}.Debug|Any CPU.ActiveCfg = Debug|Any CPU
		{19AD8D4F-9398-468A-B6AC-5854227AEAD5}.Debug|Any CPU.Build.0 = Debug|Any CPU
		{19AD8D4F-9398-468A-B6AC-5854227AEAD5}.Release|Any CPU.ActiveCfg = Release|Any CPU
		{19AD8D4F-9398-468A-B6AC-5854227AEAD5}.Release|Any CPU.Build.0 = Release|Any CPU
		{AD112F66-2CF6-4E48-A6C7-25819E5F07C3}.Debug|Any CPU.ActiveCfg = Debug|Any CPU
		{AD112F66-2CF6-4E48-A6C7-25819E5F07C3}.Debug|Any CPU.Build.0 = Debug|Any CPU
		{AD112F66-2CF6-4E48-A6C7-25819E5F07C3}.Release|Any CPU.ActiveCfg = Release|Any CPU
		{AD112F66-2CF6-4E48-A6C7-25819E5F07C3}.Release|Any CPU.Build.0 = Release|Any CPU
		{D4F6ED4F-7F05-422E-8D86-989C35E91DA5}.Debug|Any CPU.ActiveCfg = Debug|Any CPU
		{D4F6ED4F-7F05-422E-8D86-989C35E91DA5}.Debug|Any CPU.Build.0 = Debug|Any CPU
		{D4F6ED4F-7F05-422E-8D86-989C35E91DA5}.Release|Any CPU.ActiveCfg = Release|Any CPU
		{D4F6ED4F-7F05-422E-8D86-989C35E91DA5}.Release|Any CPU.Build.0 = Release|Any CPU
	EndGlobalSection
	GlobalSection(SolutionProperties) = preSolution
		HideSolutionNode = FALSE
	EndGlobalSection
	GlobalSection(ExtensibilityGlobals) = postSolution
		SolutionGuid = {679DC2BC-A602-408C-833E-CC09E888EE71}
	EndGlobalSection
EndGlobal
