
Microsoft Visual Studio Solution File, Format Version 12.00
# Visual Studio Version 17
VisualStudioVersion = 17.3.32922.545
MinimumVisualStudioVersion = 10.0.40219.1
Project("{FAE04EC0-301F-11D3-BF4B-00C04F79EFBC}") = "DAL", "DAL.csproj", "{926B3F33-2C06-40C8-AF57-316FB9357F80}"
EndProject
Global
	GlobalSection(SolutionConfigurationPlatforms) = preSolution
		Debug|Any CPU = Debug|Any CPU
		Release|Any CPU = Release|Any CPU
	EndGlobalSection
	GlobalSection(ProjectConfigurationPlatforms) = postSolution
		{926B3F33-2C06-40C8-AF57-316FB9357F80}.Debug|Any CPU.ActiveCfg = Debug|Any CPU
		{926B3F33-2C06-40C8-AF57-316FB9357F80}.Debug|Any CPU.Build.0 = Debug|Any CPU
		{926B3F33-2C06-40C8-AF57-316FB9357F80}.Release|Any CPU.ActiveCfg = Release|Any CPU
		{926B3F33-2C06-40C8-AF57-316FB9357F80}.Release|Any CPU.Build.0 = Release|Any CPU
	EndGlobalSection
	GlobalSection(SolutionProperties) = preSolution
		HideSolutionNode = FALSE
	EndGlobalSection
	GlobalSection(ExtensibilityGlobals) = postSolution
		SolutionGuid = {679DC2BC-A602-408C-833E-CC09E888EE71}
	EndGlobalSection
EndGlobal
